
Microsoft Visual Studio Solution File, Format Version 12.00
# Visual Studio Version 17
VisualStudioVersion = 17.8.34330.188
MinimumVisualStudioVersion = 10.0.40219.1
Project("{FAE04EC0-301F-11D3-BF4B-00C04F79EFBC}") = "Northwind.GraphQL", "Northwind.GraphQL\Northwind.GraphQL.csproj", "{0D0BF69F-AD7C-46DC-85E9-37DFA2575382}"
EndProject
Global
	GlobalSection(SolutionConfigurationPlatforms) = preSolution
		Debug|Any CPU = Debug|Any CPU
		Release|Any CPU = Release|Any CPU
	EndGlobalSection
	GlobalSection(ProjectConfigurationPlatforms) = postSolution
		{0D0BF69F-AD7C-46DC-85E9-37DFA2575382}.Debug|Any CPU.ActiveCfg = Debug|Any CPU
		{0D0BF69F-AD7C-46DC-85E9-37DFA2575382}.Debug|Any CPU.Build.0 = Debug|Any CPU
		{0D0BF69F-AD7C-46DC-85E9-37DFA2575382}.Release|Any CPU.ActiveCfg = Release|Any CPU
		{0D0BF69F-AD7C-46DC-85E9-37DFA2575382}.Release|Any CPU.Build.0 = Release|Any CPU
	EndGlobalSection
	GlobalSection(SolutionProperties) = preSolution
		HideSolutionNode = FALSE
	EndGlobalSection
	GlobalSection(ExtensibilityGlobals) = postSolution
		SolutionGuid = {B9CAFF3E-3F62-43BC-842A-23A3B8D3D034}
	EndGlobalSection
EndGlobal
